// !$*UTF8*$!
{
	archiveVersion = 1;
	classes = {
	};
	objectVersion = 46;
	objects = {

/* Begin PBXBuildFile section */
		471FFC9B1BCF6C9100C10169 /* AppDelegate.m in Sources */ = {isa = PBXBuildFile; fileRef = 471FFC9A1BCF6C9100C10169 /* AppDelegate.m */; };
		471FFC9D1BCF6C9100C10169 /* main.m in Sources */ = {isa = PBXBuildFile; fileRef = 471FFC9C1BCF6C9100C10169 /* main.m */; };
		471FFC9F1BCF6C9100C10169 /* Images.xcassets in Resources */ = {isa = PBXBuildFile; fileRef = 471FFC9E1BCF6C9100C10169 /* Images.xcassets */; };
		471FFCA21BCF6C9100C10169 /* MainMenu.xib in Resources */ = {isa = PBXBuildFile; fileRef = 471FFCA01BCF6C9100C10169 /* MainMenu.xib */; };
		47BE9B351BD0E68F00B31DE4 /* AFJSONRPCClient_Auth.m in Sources */ = {isa = PBXBuildFile; fileRef = 47BE9B341BD0E68F00B31DE4 /* AFJSONRPCClient_Auth.m */; };
		47BE9B381BD0E80F00B31DE4 /* AFJSONRPCCLIENT+Auth.m in Sources */ = {isa = PBXBuildFile; fileRef = 47BE9B371BD0E80F00B31DE4 /* AFJSONRPCCLIENT+Auth.m */; };
		63220AB3B190A2475FE47530 /* libPods.a in Frameworks */ = {isa = PBXBuildFile; fileRef = F8DDD0519D437B94CD3F67E3 /* libPods.a */; };
/* End PBXBuildFile section */

/* Begin PBXFileReference section */
		369C92668BBF758E743F9BA8 /* Pods.debug.xcconfig */ = {isa = PBXFileReference; includeInIndex = 1; lastKnownFileType = text.xcconfig; name = Pods.debug.xcconfig; path = "Pods/Target Support Files/Pods/Pods.debug.xcconfig"; sourceTree = "<group>"; };
		471FFC941BCF6C9100C10169 /* Test-JsonRPC-cocoaClient.app */ = {isa = PBXFileReference; explicitFileType = wrapper.application; includeInIndex = 0; path = "Test-JsonRPC-cocoaClient.app"; sourceTree = BUILT_PRODUCTS_DIR; };
		471FFC981BCF6C9100C10169 /* Info.plist */ = {isa = PBXFileReference; lastKnownFileType = text.plist.xml; path = Info.plist; sourceTree = "<group>"; };
		471FFC991BCF6C9100C10169 /* AppDelegate.h */ = {isa = PBXFileReference; lastKnownFileType = sourcecode.c.h; path = AppDelegate.h; sourceTree = "<group>"; };
		471FFC9A1BCF6C9100C10169 /* AppDelegate.m */ = {isa = PBXFileReference; lastKnownFileType = sourcecode.c.objc; path = AppDelegate.m; sourceTree = "<group>"; };
		471FFC9C1BCF6C9100C10169 /* main.m */ = {isa = PBXFileReference; lastKnownFileType = sourcecode.c.objc; path = main.m; sourceTree = "<group>"; };
		471FFC9E1BCF6C9100C10169 /* Images.xcassets */ = {isa = PBXFileReference; lastKnownFileType = folder.assetcatalog; path = Images.xcassets; sourceTree = "<group>"; };
		471FFCA11BCF6C9100C10169 /* Base */ = {isa = PBXFileReference; lastKnownFileType = file.xib; name = Base; path = Base.lproj/MainMenu.xib; sourceTree = "<group>"; };
		47BE9B331BD0E68F00B31DE4 /* AFJSONRPCClient_Auth.h */ = {isa = PBXFileReference; fileEncoding = 4; lastKnownFileType = sourcecode.c.h; path = AFJSONRPCClient_Auth.h; sourceTree = "<group>"; };
		47BE9B341BD0E68F00B31DE4 /* AFJSONRPCClient_Auth.m */ = {isa = PBXFileReference; fileEncoding = 4; lastKnownFileType = sourcecode.c.objc; path = AFJSONRPCClient_Auth.m; sourceTree = "<group>"; };
		47BE9B361BD0E80F00B31DE4 /* AFJSONRPCCLIENT+Auth.h */ = {isa = PBXFileReference; fileEncoding = 4; lastKnownFileType = sourcecode.c.h; path = "AFJSONRPCCLIENT+Auth.h"; sourceTree = "<group>"; };
		47BE9B371BD0E80F00B31DE4 /* AFJSONRPCCLIENT+Auth.m */ = {isa = PBXFileReference; fileEncoding = 4; lastKnownFileType = sourcecode.c.objc; path = "AFJSONRPCCLIENT+Auth.m"; sourceTree = "<group>"; };
		48CA4DDF68701E960B8F3329 /* Pods.release.xcconfig */ = {isa = PBXFileReference; includeInIndex = 1; lastKnownFileType = text.xcconfig; name = Pods.release.xcconfig; path = "Pods/Target Support Files/Pods/Pods.release.xcconfig"; sourceTree = "<group>"; };
		F8DDD0519D437B94CD3F67E3 /* libPods.a */ = {isa = PBXFileReference; explicitFileType = archive.ar; includeInIndex = 0; path = libPods.a; sourceTree = BUILT_PRODUCTS_DIR; };
/* End PBXFileReference section */

/* Begin PBXFrameworksBuildPhase section */
		471FFC911BCF6C9100C10169 /* Frameworks */ = {
			isa = PBXFrameworksBuildPhase;
			buildActionMask = 2147483647;
			files = (
				63220AB3B190A2475FE47530 /* libPods.a in Frameworks */,
			);
			runOnlyForDeploymentPostprocessing = 0;
		};
/* End PBXFrameworksBuildPhase section */

/* Begin PBXGroup section */
		471FFC8B1BCF6C9100C10169 = {
			isa = PBXGroup;
			children = (
				471FFC961BCF6C9100C10169 /* Test-JsonRPC-cocoaClient */,
				471FFC951BCF6C9100C10169 /* Products */,
				AB759C3731FA8B23E94C06B6 /* Pods */,
				56EDF395C847819B62BC9944 /* Frameworks */,
			);
			sourceTree = "<group>";
		};
		471FFC951BCF6C9100C10169 /* Products */ = {
			isa = PBXGroup;
			children = (
				471FFC941BCF6C9100C10169 /* Test-JsonRPC-cocoaClient.app */,
			);
			name = Products;
			sourceTree = "<group>";
		};
		471FFC961BCF6C9100C10169 /* Test-JsonRPC-cocoaClient */ = {
			isa = PBXGroup;
			children = (
				471FFC991BCF6C9100C10169 /* AppDelegate.h */,
				471FFC9A1BCF6C9100C10169 /* AppDelegate.m */,
				47BE9B331BD0E68F00B31DE4 /* AFJSONRPCClient_Auth.h */,
				47BE9B341BD0E68F00B31DE4 /* AFJSONRPCClient_Auth.m */,
				47BE9B361BD0E80F00B31DE4 /* AFJSONRPCCLIENT+Auth.h */,
				47BE9B371BD0E80F00B31DE4 /* AFJSONRPCCLIENT+Auth.m */,
				471FFC9E1BCF6C9100C10169 /* Images.xcassets */,
				471FFCA01BCF6C9100C10169 /* MainMenu.xib */,
				471FFC971BCF6C9100C10169 /* Supporting Files */,
			);
			path = "Test-JsonRPC-cocoaClient";
			sourceTree = "<group>";
		};
		471FFC971BCF6C9100C10169 /* Supporting Files */ = {
			isa = PBXGroup;
			children = (
				471FFC981BCF6C9100C10169 /* Info.plist */,
				471FFC9C1BCF6C9100C10169 /* main.m */,
			);
			name = "Supporting Files";
			sourceTree = "<group>";
		};
		56EDF395C847819B62BC9944 /* Frameworks */ = {
			isa = PBXGroup;
			children = (
				F8DDD0519D437B94CD3F67E3 /* libPods.a */,
			);
			name = Frameworks;
			sourceTree = "<group>";
		};
		AB759C3731FA8B23E94C06B6 /* Pods */ = {
			isa = PBXGroup;
			children = (
				369C92668BBF758E743F9BA8 /* Pods.debug.xcconfig */,
				48CA4DDF68701E960B8F3329 /* Pods.release.xcconfig */,
			);
			name = Pods;
			sourceTree = "<group>";
		};
/* End PBXGroup section */

/* Begin PBXNativeTarget section */
		471FFC931BCF6C9100C10169 /* Test-JsonRPC-cocoaClient */ = {
			isa = PBXNativeTarget;
			buildConfigurationList = 471FFCB11BCF6C9100C10169 /* Build configuration list for PBXNativeTarget "Test-JsonRPC-cocoaClient" */;
			buildPhases = (
				479C04804DCD2A02E238F037 /* Check Pods Manifest.lock */,
				471FFC901BCF6C9100C10169 /* Sources */,
				471FFC911BCF6C9100C10169 /* Frameworks */,
				471FFC921BCF6C9100C10169 /* Resources */,
				8B92160D90B67D0C6D5D8373 /* Embed Pods Frameworks */,
				2161EFC3ADD32C8E0F8322D2 /* Copy Pods Resources */,
			);
			buildRules = (
			);
			dependencies = (
			);
			name = "Test-JsonRPC-cocoaClient";
			productName = "Test-JsonRPC-cocoaClient";
			productReference = 471FFC941BCF6C9100C10169 /* Test-JsonRPC-cocoaClient.app */;
			productType = "com.apple.product-type.application";
		};
/* End PBXNativeTarget section */

/* Begin PBXProject section */
		471FFC8C1BCF6C9100C10169 /* Project object */ = {
			isa = PBXProject;
			attributes = {
				LastUpgradeCheck = 0610;
				ORGANIZATIONNAME = "Simon Baur";
				TargetAttributes = {
					471FFC931BCF6C9100C10169 = {
						CreatedOnToolsVersion = 6.1.1;
					};
				};
			};
			buildConfigurationList = 471FFC8F1BCF6C9100C10169 /* Build configuration list for PBXProject "Test-JsonRPC-cocoaClient" */;
			compatibilityVersion = "Xcode 3.2";
			developmentRegion = English;
			hasScannedForEncodings = 0;
			knownRegions = (
				en,
				Base,
			);
			mainGroup = 471FFC8B1BCF6C9100C10169;
			productRefGroup = 471FFC951BCF6C9100C10169 /* Products */;
			projectDirPath = "";
			projectRoot = "";
			targets = (
				471FFC931BCF6C9100C10169 /* Test-JsonRPC-cocoaClient */,
			);
		};
/* End PBXProject section */

/* Begin PBXResourcesBuildPhase section */
		471FFC921BCF6C9100C10169 /* Resources */ = {
			isa = PBXResourcesBuildPhase;
			buildActionMask = 2147483647;
			files = (
				471FFC9F1BCF6C9100C10169 /* Images.xcassets in Resources */,
				471FFCA21BCF6C9100C10169 /* MainMenu.xib in Resources */,
			);
			runOnlyForDeploymentPostprocessing = 0;
		};
/* End PBXResourcesBuildPhase section */

/* Begin PBXShellScriptBuildPhase section */
		2161EFC3ADD32C8E0F8322D2 /* Copy Pods Resources */ = {
			isa = PBXShellScriptBuildPhase;
			buildActionMask = 2147483647;
			files = (
			);
			inputPaths = (
			);
			name = "Copy Pods Resources";
			outputPaths = (
			);
			runOnlyForDeploymentPostprocessing = 0;
			shellPath = /bin/sh;
			shellScript = "\"${SRCROOT}/Pods/Target Support Files/Pods/Pods-resources.sh\"\n";
			showEnvVarsInLog = 0;
		};
		479C04804DCD2A02E238F037 /* Check Pods Manifest.lock */ = {
			isa = PBXShellScriptBuildPhase;
			buildActionMask = 2147483647;
			files = (
			);
			inputPaths = (
			);
			name = "Check Pods Manifest.lock";
			outputPaths = (
			);
			runOnlyForDeploymentPostprocessing = 0;
			shellPath = /bin/sh;
			shellScript = "diff \"${PODS_ROOT}/../Podfile.lock\" \"${PODS_ROOT}/Manifest.lock\" > /dev/null\nif [[ $? != 0 ]] ; then\n    cat << EOM\nerror: The sandbox is not in sync with the Podfile.lock. Run 'pod install' or update your CocoaPods installation.\nEOM\n    exit 1\nfi\n";
			showEnvVarsInLog = 0;
		};
		8B92160D90B67D0C6D5D8373 /* Embed Pods Frameworks */ = {
			isa = PBXShellScriptBuildPhase;
			buildActionMask = 2147483647;
			files = (
			);
			inputPaths = (
			);
			name = "Embed Pods Frameworks";
			outputPaths = (
			);
			runOnlyForDeploymentPostprocessing = 0;
			shellPath = /bin/sh;
			shellScript = "\"${SRCROOT}/Pods/Target Support Files/Pods/Pods-frameworks.sh\"\n";
			showEnvVarsInLog = 0;
		};
/* End PBXShellScriptBuildPhase section */

/* Begin PBXSourcesBuildPhase section */
		471FFC901BCF6C9100C10169 /* Sources */ = {
			isa = PBXSourcesBuildPhase;
			buildActionMask = 2147483647;
			files = (
				47BE9B351BD0E68F00B31DE4 /* AFJSONRPCClient_Auth.m in Sources */,
				471FFC9D1BCF6C9100C10169 /* main.m in Sources */,
				471FFC9B1BCF6C9100C10169 /* AppDelegate.m in Sources */,
				47BE9B381BD0E80F00B31DE4 /* AFJSONRPCCLIENT+Auth.m in Sources */,
			);
			runOnlyForDeploymentPostprocessing = 0;
		};
/* End PBXSourcesBuildPhase section */

/* Begin PBXVariantGroup section */
		471FFCA01BCF6C9100C10169 /* MainMenu.xib */ = {
			isa = PBXVariantGroup;
			children = (
				471FFCA11BCF6C9100C10169 /* Base */,
			);
			name = MainMenu.xib;
			sourceTree = "<group>";
		};
/* End PBXVariantGroup section */

/* Begin XCBuildConfiguration section */
		471FFCAF1BCF6C9100C10169 /* Debug */ = {
			isa = XCBuildConfiguration;
			buildSettings = {
				ALWAYS_SEARCH_USER_PATHS = NO;
				CLANG_CXX_LANGUAGE_STANDARD = "gnu++0x";
				CLANG_CXX_LIBRARY = "libc++";
				CLANG_ENABLE_MODULES = YES;
				CLANG_ENABLE_OBJC_ARC = YES;
				CLANG_WARN_BOOL_CONVERSION = YES;
				CLANG_WARN_CONSTANT_CONVERSION = YES;
				CLANG_WARN_DIRECT_OBJC_ISA_USAGE = YES_ERROR;
				CLANG_WARN_EMPTY_BODY = YES;
				CLANG_WARN_ENUM_CONVERSION = YES;
				CLANG_WARN_INT_CONVERSION = YES;
				CLANG_WARN_OBJC_ROOT_CLASS = YES_ERROR;
				CLANG_WARN_UNREACHABLE_CODE = YES;
				CLANG_WARN__DUPLICATE_METHOD_MATCH = YES;
				CODE_SIGN_IDENTITY = "-";
				COPY_PHASE_STRIP = NO;
				ENABLE_STRICT_OBJC_MSGSEND = YES;
				GCC_C_LANGUAGE_STANDARD = gnu99;
				GCC_DYNAMIC_NO_PIC = NO;
				GCC_OPTIMIZATION_LEVEL = 0;
				GCC_PREPROCESSOR_DEFINITIONS = (
					"DEBUG=1",
					"$(inherited)",
				);
				GCC_SYMBOLS_PRIVATE_EXTERN = NO;
				GCC_WARN_64_TO_32_BIT_CONVERSION = YES;
				GCC_WARN_ABOUT_RETURN_TYPE = YES_ERROR;
				GCC_WARN_UNDECLARED_SELECTOR = YES;
				GCC_WARN_UNINITIALIZED_AUTOS = YES_AGGRESSIVE;
				GCC_WARN_UNUSED_FUNCTION = YES;
				GCC_WARN_UNUSED_VARIABLE = YES;
				MACOSX_DEPLOYMENT_TARGET = 10.9;
				MTL_ENABLE_DEBUG_INFO = YES;
				ONLY_ACTIVE_ARCH = YES;
				SDKROOT = macosx;
			};
			name = Debug;
		};
		471FFCB01BCF6C9100C10169 /* Release */ = {
			isa = XCBuildConfiguration;
			buildSettings = {
				ALWAYS_SEARCH_USER_PATHS = NO;
				CLANG_CXX_LANGUAGE_STANDARD = "gnu++0x";
				CLANG_CXX_LIBRARY = "libc++";
				CLANG_ENABLE_MODULES = YES;
				CLANG_ENABLE_OBJC_ARC = YES;
				CLANG_WARN_BOOL_CONVERSION = YES;
				CLANG_WARN_CONSTANT_CONVERSION = YES;
				CLANG_WARN_DIRECT_OBJC_ISA_USAGE = YES_ERROR;
				CLANG_WARN_EMPTY_BODY = YES;
				CLANG_WARN_ENUM_CONVERSION = YES;
				CLANG_WARN_INT_CONVERSION = YES;
				CLANG_WARN_OBJC_ROOT_CLASS = YES_ERROR;
				CLANG_WARN_UNREACHABLE_CODE = YES;
				CLANG_WARN__DUPLICATE_METHOD_MATCH = YES;
				CODE_SIGN_IDENTITY = "-";
				COPY_PHASE_STRIP = YES;
				DEBUG_INFORMATION_FORMAT = "dwarf-with-dsym";
				ENABLE_NS_ASSERTIONS = NO;
				ENABLE_STRICT_OBJC_MSGSEND = YES;
				GCC_C_LANGUAGE_STANDARD = gnu99;
				GCC_WARN_64_TO_32_BIT_CONVERSION = YES;
				GCC_WARN_ABOUT_RETURN_TYPE = YES_ERROR;
				GCC_WARN_UNDECLARED_SELECTOR = YES;
				GCC_WARN_UNINITIALIZED_AUTOS = YES_AGGRESSIVE;
				GCC_WARN_UNUSED_FUNCTION = YES;
				GCC_WARN_UNUSED_VARIABLE = YES;
				MACOSX_DEPLOYMENT_TARGET = 10.9;
				MTL_ENABLE_DEBUG_INFO = NO;
				SDKROOT = macosx;
			};
			name = Release;
		};
		471FFCB21BCF6C9100C10169 /* Debug */ = {
			isa = XCBuildConfiguration;
			baseConfigurationReference = 369C92668BBF758E743F9BA8 /* Pods.debug.xcconfig */;
			buildSettings = {
				ASSETCATALOG_COMPILER_APPICON_NAME = AppIcon;
				COMBINE_HIDPI_IMAGES = YES;
				INFOPLIST_FILE = "Test-JsonRPC-cocoaClient/Info.plist";
				LD_RUNPATH_SEARCH_PATHS = "$(inherited) @executable_path/../Frameworks";
				PRODUCT_NAME = "$(TARGET_NAME)";
			};
			name = Debug;
		};
		471FFCB31BCF6C9100C10169 /* Release */ = {
			isa = XCBuildConfiguration;
			baseConfigurationReference = 48CA4DDF68701E960B8F3329 /* Pods.release.xcconfig */;
			buildSettings = {
				ASSETCATALOG_COMPILER_APPICON_NAME = AppIcon;
				COMBINE_HIDPI_IMAGES = YES;
				INFOPLIST_FILE = "Test-JsonRPC-cocoaClient/Info.plist";
				LD_RUNPATH_SEARCH_PATHS = "$(inherited) @executable_path/../Frameworks";
				PRODUCT_NAME = "$(TARGET_NAME)";
			};
			name = Release;
		};
/* End XCBuildConfiguration section */

/* Begin XCConfigurationList section */
		471FFC8F1BCF6C9100C10169 /* Build configuration list for PBXProject "Test-JsonRPC-cocoaClient" */ = {
			isa = XCConfigurationList;
			buildConfigurations = (
				471FFCAF1BCF6C9100C10169 /* Debug */,
				471FFCB01BCF6C9100C10169 /* Release */,
			);
			defaultConfigurationIsVisible = 0;
			defaultConfigurationName = Release;
		};
		471FFCB11BCF6C9100C10169 /* Build configuration list for PBXNativeTarget "Test-JsonRPC-cocoaClient" */ = {
			isa = XCConfigurationList;
			buildConfigurations = (
				471FFCB21BCF6C9100C10169 /* Debug */,
				471FFCB31BCF6C9100C10169 /* Release */,
			);
			defaultConfigurationIsVisible = 0;
			defaultConfigurationName = Release;
		};
/* End XCConfigurationList section */
	};
	rootObject = 471FFC8C1BCF6C9100C10169 /* Project object */;
}
